
Microsoft Visual Studio Solution File, Format Version 12.00
# Visual Studio Version 16
VisualStudioVersion = 16.0.33214.272
MinimumVisualStudioVersion = 10.0.40219.1
Project("{9A19103F-16F7-4668-BE54-9A1E7A4F7556}") = "HRM_API", "HRM_API.csproj", "{171A6EA1-13D5-4CA0-8893-AAB5DD75F90C}"
EndProject
Project("{FAE04EC0-301F-11D3-BF4B-00C04F79EFBC}") = "TEST_HRM_API", "..\TEST_HRM_API\TEST_HRM_API.csproj", "{9F9388A6-81BA-4826-AF40-896F1EED967F}"
EndProject
Global
	GlobalSection(SolutionConfigurationPlatforms) = preSolution
		Debug|Any CPU = Debug|Any CPU
		Release|Any CPU = Release|Any CPU
	EndGlobalSection
	GlobalSection(ProjectConfigurationPlatforms) = postSolution
		{171A6EA1-13D5-4CA0-8893-AAB5DD75F90C}.Debug|Any CPU.ActiveCfg = Debug|Any CPU
		{171A6EA1-13D5-4CA0-8893-AAB5DD75F90C}.Debug|Any CPU.Build.0 = Debug|Any CPU
		{171A6EA1-13D5-4CA0-8893-AAB5DD75F90C}.Release|Any CPU.ActiveCfg = Release|Any CPU
		{171A6EA1-13D5-4CA0-8893-AAB5DD75F90C}.Release|Any CPU.Build.0 = Release|Any CPU
		{9F9388A6-81BA-4826-AF40-896F1EED967F}.Debug|Any CPU.ActiveCfg = Debug|Any CPU
		{9F9388A6-81BA-4826-AF40-896F1EED967F}.Debug|Any CPU.Build.0 = Debug|Any CPU
		{9F9388A6-81BA-4826-AF40-896F1EED967F}.Release|Any CPU.ActiveCfg = Release|Any CPU
		{9F9388A6-81BA-4826-AF40-896F1EED967F}.Release|Any CPU.Build.0 = Release|Any CPU
	EndGlobalSection
	GlobalSection(SolutionProperties) = preSolution
		HideSolutionNode = FALSE
	EndGlobalSection
	GlobalSection(ExtensibilityGlobals) = postSolution
		SolutionGuid = {E13039C9-BBED-4BDE-85A7-BD30BE2BDB2C}
	EndGlobalSection
EndGlobal
